
Microsoft Visual Studio Solution File, Format Version 12.00
# Visual Studio Version 17
VisualStudioVersion = 17.4.33213.308
MinimumVisualStudioVersion = 10.0.40219.1
Project("{FAE04EC0-301F-11D3-BF4B-00C04F79EFBC}") = "WebApplication1", "WebApplication1.csproj", "{101A4311-E8C7-4746-9400-0DB4FF4284D6}"
EndProject
Global
	GlobalSection(SolutionConfigurationPlatforms) = preSolution
		Debug|Any CPU = Debug|Any CPU
		Release|Any CPU = Release|Any CPU
	EndGlobalSection
	GlobalSection(ProjectConfigurationPlatforms) = postSolution
		{101A4311-E8C7-4746-9400-0DB4FF4284D6}.Debug|Any CPU.ActiveCfg = Debug|Any CPU
		{101A4311-E8C7-4746-9400-0DB4FF4284D6}.Debug|Any CPU.Build.0 = Debug|Any CPU
		{101A4311-E8C7-4746-9400-0DB4FF4284D6}.Release|Any CPU.ActiveCfg = Release|Any CPU
		{101A4311-E8C7-4746-9400-0DB4FF4284D6}.Release|Any CPU.Build.0 = Release|Any CPU
	EndGlobalSection
	GlobalSection(SolutionProperties) = preSolution
		HideSolutionNode = FALSE
	EndGlobalSection
	GlobalSection(ExtensibilityGlobals) = postSolution
		SolutionGuid = {E396D3F9-1FE6-4D1B-967E-B0BF62E7478A}
	EndGlobalSection
EndGlobal
